dependencies:
- name: kmcp
  repository: oci://ghcr.io/kagent-dev/kmcp/helm
  version: 0.3.0
- name: kagent-tools
  repository: oci://ghcr.io/kagent-dev/tools/helm
  version: 0.2.1
- name: grafana-mcp
  repository: file://../tools/grafana-mcp
  version: 0.9.9
- name: querydoc
  repository: file://../tools/querydoc
  version: 0.9.9
- name: k8s-agent
  repository: file://../agents/k8s
  version: 0.9.9
- name: kgateway-agent
  repository: file://../agents/kgateway
  version: 0.9.9
- name: istio-agent
  repository: file://../agents/istio
  version: 0.9.9
- name: promql-agent
  repository: file://../agents/promql
  version: 0.9.9
- name: observability-agent
  repository: file://../agents/observability
  version: 0.9.9
- name: argo-rollouts-agent
  repository: file://../agents/argo-rollouts
  version: 0.9.9
- name: helm-agent
  repository: file://../agents/helm
  version: 0.9.9
- name: cilium-policy-agent
  repository: file://../agents/cilium-policy
  version: 0.9.9
- name: cilium-manager-agent
  repository: file://../agents/cilium-manager
  version: 0.9.9
- name: cilium-debug-agent
  repository: file://../agents/cilium-debug
  version: 0.9.9
- name: oauth2-proxy
  repository: https://oauth2-proxy.github.io/manifests
  version: 7.0.0
digest: sha256:fc475d7efe0e24ca14f52eff7c9a3679d7009c069f51bf6ecf88dd55f495034b
generated: "2026-06-17T22:54:04.743043316Z"
