apiVersion: vendir.k14s.io/v1alpha1
directories:
- contents:
  - helmChart:
      appVersion: ""
      version: 0.9.9
    path: .
  path: helm/kagent/charts/kagent
- contents:
  - git:
      commitTitle: 'Backport(0.9.x): go-adk Ollama and Bedrock system prompts (#2122)...'
      sha: 14dcbfc49bde990a0c737da14a9d94cf7e788303
      tags:
      - v0.9.11
    path: kagent.dev
  - git:
      commitTitle: 'refactor(helm): remove rbac.clusterScoped, derive RBAC scope from
        rbac.namespaces (#134)...'
      sha: 1cec6470560fa8ccc43de3d95c7567993ae13e95
      tags:
      - v0.3.0
    path: kmcp
  path: helm/kagent/crds
kind: LockConfig
